// !$*UTF8*$!
{
	archiveVersion = 1;
	classes = {
	};
	objectVersion = 50;
	objects = {

/* Begin PBXBuildFile section */
		27491281247EE17D001AFEEE /* AppDelegate.swift in Sources */ = {isa = PBXBuildFile; fileRef = 27491280247EE17D001AFEEE /* AppDelegate.swift */; };
		27491283247EE17D001AFEEE /* SceneDelegate.swift in Sources */ = {isa = PBXBuildFile; fileRef = 27491282247EE17D001AFEEE /* SceneDelegate.swift */; };
		27491285247EE17D001AFEEE /* ViewController.swift in Sources */ = {isa = PBXBuildFile; fileRef = 27491284247EE17D001AFEEE /* ViewController.swift */; };
		27491288247EE17D001AFEEE /* Main.storyboard in Resources */ = {isa = PBXBuildFile; fileRef = 27491286247EE17D001AFEEE /* Main.storyboard */; };
		2749128A247EE17F001AFEEE /* Assets.xcassets in Resources */ = {isa = PBXBuildFile; fileRef = 27491289247EE17F001AFEEE /* Assets.xcassets */; };
		2749128D247EE17F001AFEEE /* LaunchScreen.storyboard in Resources */ = {isa = PBXBuildFile; fileRef = 2749128B247EE17F001AFEEE /* LaunchScreen.storyboard */; };
		27491295247F051E001AFEEE /* Constants.swift in Sources */ = {isa = PBXBuildFile; fileRef = 27491294247F051D001AFEEE /* Constants.swift */; };
		277370A5247F40AD00178598 /* Video.swift in Sources */ = {isa = PBXBuildFile; fileRef = 277370A4247F40AD00178598 /* Video.swift */; };
		277370A7247F42DD00178598 /* Model.swift in Sources */ = {isa = PBXBuildFile; fileRef = 277370A6247F42DD00178598 /* Model.swift */; };
/* End PBXBuildFile section */

/* Begin PBXFileReference section */
		2749127D247EE17D001AFEEE /* youtube-demo-app.app */ = {isa = PBXFileReference; explicitFileType = wrapper.application; includeInIndex = 0; path = "youtube-demo-app.app"; sourceTree = BUILT_PRODUCTS_DIR; };
		27491280247EE17D001AFEEE /* AppDelegate.swift */ = {isa = PBXFileReference; lastKnownFileType = sourcecode.swift; path = AppDelegate.swift; sourceTree = "<group>"; };
		27491282247EE17D001AFEEE /* SceneDelegate.swift */ = {isa = PBXFileReference; lastKnownFileType = sourcecode.swift; path = SceneDelegate.swift; sourceTree = "<group>"; };
		27491284247EE17D001AFEEE /* ViewController.swift */ = {isa = PBXFileReference; lastKnownFileType = sourcecode.swift; path = ViewController.swift; sourceTree = "<group>"; };
		27491287247EE17D001AFEEE /* Base */ = {isa = PBXFileReference; lastKnownFileType = file.storyboard; name = Base; path = Base.lproj/Main.storyboard; sourceTree = "<group>"; };
		27491289247EE17F001AFEEE /* Assets.xcassets */ = {isa = PBXFileReference; lastKnownFileType = folder.assetcatalog; path = Assets.xcassets; sourceTree = "<group>"; };
		2749128C247EE17F001AFEEE /* Base */ = {isa = PBXFileReference; lastKnownFileType = file.storyboard; name = Base; path = Base.lproj/LaunchScreen.storyboard; sourceTree = "<group>"; };
		2749128E247EE17F001AFEEE /* Info.plist */ = {isa = PBXFileReference; lastKnownFileType = text.plist.xml; path = Info.plist; sourceTree = "<group>"; };
		27491294247F051D001AFEEE /* Constants.swift */ = {isa = PBXFileReference; lastKnownFileType = sourcecode.swift; path = Constants.swift; sourceTree = "<group>"; };
		277370A4247F40AD00178598 /* Video.swift */ = {isa = PBXFileReference; lastKnownFileType = sourcecode.swift; path = Video.swift; sourceTree = "<group>"; };
		277370A6247F42DD00178598 /* Model.swift */ = {isa = PBXFileReference; lastKnownFileType = sourcecode.swift; path = Model.swift; sourceTree = "<group>"; };
/* End PBXFileReference section */

/* Begin PBXFrameworksBuildPhase section */
		2749127A247EE17D001AFEEE /* Frameworks */ = {
			isa = PBXFrameworksBuildPhase;
			buildActionMask = 2147483647;
			files = (
			);
			runOnlyForDeploymentPostprocessing = 0;
		};
/* End PBXFrameworksBuildPhase section */

/* Begin PBXGroup section */
		27491274247EE17D001AFEEE = {
			isa = PBXGroup;
			children = (
				2749127F247EE17D001AFEEE /* youtube-demo-app */,
				2749127E247EE17D001AFEEE /* Products */,
			);
			sourceTree = "<group>";
		};
		2749127E247EE17D001AFEEE /* Products */ = {
			isa = PBXGroup;
			children = (
				2749127D247EE17D001AFEEE /* youtube-demo-app.app */,
			);
			name = Products;
			sourceTree = "<group>";
		};
		2749127F247EE17D001AFEEE /* youtube-demo-app */ = {
			isa = PBXGroup;
			children = (
				27491280247EE17D001AFEEE /* AppDelegate.swift */,
				27491282247EE17D001AFEEE /* SceneDelegate.swift */,
				27491284247EE17D001AFEEE /* ViewController.swift */,
				27491286247EE17D001AFEEE /* Main.storyboard */,
				27491289247EE17F001AFEEE /* Assets.xcassets */,
				2749128B247EE17F001AFEEE /* LaunchScreen.storyboard */,
				2749128E247EE17F001AFEEE /* Info.plist */,
				27491294247F051D001AFEEE /* Constants.swift */,
				277370A4247F40AD00178598 /* Video.swift */,
				277370A6247F42DD00178598 /* Model.swift */,
			);
			path = "youtube-demo-app";
			sourceTree = "<group>";
		};
/* End PBXGroup section */

/* Begin PBXNativeTarget section */
		2749127C247EE17D001AFEEE /* youtube-demo-app */ = {
			isa = PBXNativeTarget;
			buildConfigurationList = 27491291247EE17F001AFEEE /* Build configuration list for PBXNativeTarget "youtube-demo-app" */;
			buildPhases = (
				27491279247EE17D001AFEEE /* Sources */,
				2749127A247EE17D001AFEEE /* Frameworks */,
				2749127B247EE17D001AFEEE /* Resources */,
			);
			buildRules = (
			);
			dependencies = (
			);
			name = "youtube-demo-app";
			productName = "youtube-demo-app";
			productReference = 2749127D247EE17D001AFEEE /* youtube-demo-app.app */;
			productType = "com.apple.product-type.application";
		};
/* End PBXNativeTarget section */

/* Begin PBXProject section */
		27491275247EE17D001AFEEE /* Project object */ = {
			isa = PBXProject;
			attributes = {
				LastSwiftUpdateCheck = 1150;
				LastUpgradeCheck = 1150;
				ORGANIZATIONNAME = "Adam Ludwin";
				TargetAttributes = {
					2749127C247EE17D001AFEEE = {
						CreatedOnToolsVersion = 11.5;
					};
				};
			};
			buildConfigurationList = 27491278247EE17D001AFEEE /* Build configuration list for PBXProject "youtube-demo-app" */;
			compatibilityVersion = "Xcode 9.3";
			developmentRegion = en;
			hasScannedForEncodings = 0;
			knownRegions = (
				en,
				Base,
			);
			mainGroup = 27491274247EE17D001AFEEE;
			productRefGroup = 2749127E247EE17D001AFEEE /* Products */;
			projectDirPath = "";
			projectRoot = "";
			targets = (
				2749127C247EE17D001AFEEE /* youtube-demo-app */,
			);
		};
/* End PBXProject section */

/* Begin PBXResourcesBuildPhase section */
		2749127B247EE17D001AFEEE /* Resources */ = {
			isa = PBXResourcesBuildPhase;
			buildActionMask = 2147483647;
			files = (
				2749128D247EE17F001AFEEE /* LaunchScreen.storyboard in Resources */,
				2749128A247EE17F001AFEEE /* Assets.xcassets in Resources */,
				27491288247EE17D001AFEEE /* Main.storyboard in Resources */,
			);
			runOnlyForDeploymentPostprocessing = 0;
		};
/* End PBXResourcesBuildPhase section */

/* Begin PBXSourcesBuildPhase section */
		27491279247EE17D001AFEEE /* Sources */ = {
			isa = PBXSourcesBuildPhase;
			buildActionMask = 2147483647;
			files = (
				27491285247EE17D001AFEEE /* ViewController.swift in Sources */,
				27491281247EE17D001AFEEE /* AppDelegate.swift in Sources */,
				27491283247EE17D001AFEEE /* SceneDelegate.swift in Sources */,
				277370A7247F42DD00178598 /* Model.swift in Sources */,
				27491295247F051E001AFEEE /* Constants.swift in Sources */,
				277370A5247F40AD00178598 /* Video.swift in Sources */,
			);
			runOnlyForDeploymentPostprocessing = 0;
		};
/* End PBXSourcesBuildPhase section */

/* Begin PBXVariantGroup section */
		27491286247EE17D001AFEEE /* Main.storyboard */ = {
			isa = PBXVariantGroup;
			children = (
				27491287247EE17D001AFEEE /* Base */,
			);
			name = Main.storyboard;
			sourceTree = "<group>";
		};
		2749128B247EE17F001AFEEE /* LaunchScreen.storyboard */ = {
			isa = PBXVariantGroup;
			children = (
				2749128C247EE17F001AFEEE /* Base */,
			);
			name = LaunchScreen.storyboard;
			sourceTree = "<group>";
		};
/* End PBXVariantGroup section */

/* Begin XCBuildConfiguration section */
		2749128F247EE17F001AFEEE /* Debug */ = {
			isa = XCBuildConfiguration;
			buildSettings = {
				ALWAYS_SEARCH_USER_PATHS = NO;
				CLANG_ANALYZER_NONNULL = YES;
				CLANG_ANALYZER_NUMBER_OBJECT_CONVERSION = YES_AGGRESSIVE;
				CLANG_CXX_LANGUAGE_STANDARD = "gnu++14";
				CLANG_CXX_LIBRARY = "libc++";
				CLANG_ENABLE_MODULES = YES;
				CLANG_ENABLE_OBJC_ARC = YES;
				CLANG_ENABLE_OBJC_WEAK = YES;
				CLANG_WARN_BLOCK_CAPTURE_AUTORELEASING = YES;
				CLANG_WARN_BOOL_CONVERSION = YES;
				CLANG_WARN_COMMA = YES;
				CLANG_WARN_CONSTANT_CONVERSION = YES;
				CLANG_WARN_DEPRECATED_OBJC_IMPLEMENTATIONS = YES;
				CLANG_WARN_DIRECT_OBJC_ISA_USAGE = YES_ERROR;
				CLANG_WARN_DOCUMENTATION_COMMENTS = YES;
				CLANG_WARN_EMPTY_BODY = YES;
				CLANG_WARN_ENUM_CONVERSION = YES;
				CLANG_WARN_INFINITE_RECURSION = YES;
				CLANG_WARN_INT_CONVERSION = YES;
				CLANG_WARN_NON_LITERAL_NULL_CONVERSION = YES;
				CLANG_WARN_OBJC_IMPLICIT_RETAIN_SELF = YES;
				CLANG_WARN_OBJC_LITERAL_CONVERSION = YES;
				CLANG_WARN_OBJC_ROOT_CLASS = YES_ERROR;
				CLANG_WARN_RANGE_LOOP_ANALYSIS = YES;
				CLANG_WARN_STRICT_PROTOTYPES = YES;
				CLANG_WARN_SUSPICIOUS_MOVE = YES;
				CLANG_WARN_UNGUARDED_AVAILABILITY = YES_AGGRESSIVE;
				CLANG_WARN_UNREACHABLE_CODE = YES;
				CLANG_WARN__DUPLICATE_METHOD_MATCH = YES;
				COPY_PHASE_STRIP = NO;
				DEBUG_INFORMATION_FORMAT = dwarf;
				ENABLE_STRICT_OBJC_MSGSEND = YES;
				ENABLE_TESTABILITY = YES;
				GCC_C_LANGUAGE_STANDARD = gnu11;
				GCC_DYNAMIC_NO_PIC = NO;
				GCC_NO_COMMON_BLOCKS = YES;
				GCC_OPTIMIZATION_LEVEL = 0;
				GCC_PREPROCESSOR_DEFINITIONS = (
					"DEBUG=1",
					"$(inherited)",
				);
				GCC_WARN_64_TO_32_BIT_CONVERSION = YES;
				GCC_WARN_ABOUT_RETURN_TYPE = YES_ERROR;
				GCC_WARN_UNDECLARED_SELECTOR = YES;
				GCC_WARN_UNINITIALIZED_AUTOS = YES_AGGRESSIVE;
				GCC_WARN_UNUSED_FUNCTION = YES;
				GCC_WARN_UNUSED_VARIABLE = YES;
				IPHONEOS_DEPLOYMENT_TARGET = 13.5;
				MTL_ENABLE_DEBUG_INFO = INCLUDE_SOURCE;
				MTL_FAST_MATH = YES;
				ONLY_ACTIVE_ARCH = YES;
				SDKROOT = iphoneos;
				SWIFT_ACTIVE_COMPILATION_CONDITIONS = DEBUG;
				SWIFT_OPTIMIZATION_LEVEL = "-Onone";
			};
			name = Debug;
		};
		27491290247EE17F001AFEEE /* Release */ = {
			isa = XCBuildConfiguration;
			buildSettings = {
				ALWAYS_SEARCH_USER_PATHS = NO;
				CLANG_ANALYZER_NONNULL = YES;
				CLANG_ANALYZER_NUMBER_OBJECT_CONVERSION = YES_AGGRESSIVE;
				CLANG_CXX_LANGUAGE_STANDARD = "gnu++14";
				CLANG_CXX_LIBRARY = "libc++";
				CLANG_ENABLE_MODULES = YES;
				CLANG_ENABLE_OBJC_ARC = YES;
				CLANG_ENABLE_OBJC_WEAK = YES;
				CLANG_WARN_BLOCK_CAPTURE_AUTORELEASING = YES;
				CLANG_WARN_BOOL_CONVERSION = YES;
				CLANG_WARN_COMMA = YES;
				CLANG_WARN_CONSTANT_CONVERSION = YES;
				CLANG_WARN_DEPRECATED_OBJC_IMPLEMENTATIONS = YES;
				CLANG_WARN_DIRECT_OBJC_ISA_USAGE = YES_ERROR;
				CLANG_WARN_DOCUMENTATION_COMMENTS = YES;
				CLANG_WARN_EMPTY_BODY = YES;
				CLANG_WARN_ENUM_CONVERSION = YES;
				CLANG_WARN_INFINITE_RECURSION = YES;
				CLANG_WARN_INT_CONVERSION = YES;
				CLANG_WARN_NON_LITERAL_NULL_CONVERSION = YES;
				CLANG_WARN_OBJC_IMPLICIT_RETAIN_SELF = YES;
				CLANG_WARN_OBJC_LITERAL_CONVERSION = YES;
				CLANG_WARN_OBJC_ROOT_CLASS = YES_ERROR;
				CLANG_WARN_RANGE_LOOP_ANALYSIS = YES;
				CLANG_WARN_STRICT_PROTOTYPES = YES;
				CLANG_WARN_SUSPICIOUS_MOVE = YES;
				CLANG_WARN_UNGUARDED_AVAILABILITY = YES_AGGRESSIVE;
				CLANG_WARN_UNREACHABLE_CODE = YES;
				CLANG_WARN__DUPLICATE_METHOD_MATCH = YES;
				COPY_PHASE_STRIP = NO;
				DEBUG_INFORMATION_FORMAT = "dwarf-with-dsym";
				ENABLE_NS_ASSERTIONS = NO;
				ENABLE_STRICT_OBJC_MSGSEND = YES;
				GCC_C_LANGUAGE_STANDARD = gnu11;
				GCC_NO_COMMON_BLOCKS = YES;
				GCC_WARN_64_TO_32_BIT_CONVERSION = YES;
				GCC_WARN_ABOUT_RETURN_TYPE = YES_ERROR;
				GCC_WARN_UNDECLARED_SELECTOR = YES;
				GCC_WARN_UNINITIALIZED_AUTOS = YES_AGGRESSIVE;
				GCC_WARN_UNUSED_FUNCTION = YES;
				GCC_WARN_UNUSED_VARIABLE = YES;
				IPHONEOS_DEPLOYMENT_TARGET = 13.5;
				MTL_ENABLE_DEBUG_INFO = NO;
				MTL_FAST_MATH = YES;
				SDKROOT = iphoneos;
				SWIFT_COMPILATION_MODE = wholemodule;
				SWIFT_OPTIMIZATION_LEVEL = "-O";
				VALIDATE_PRODUCT = YES;
			};
			name = Release;
		};
		27491292247EE17F001AFEEE /* Debug */ = {
			isa = XCBuildConfiguration;
			buildSettings = {
				ASSETCATALOG_COMPILER_APPICON_NAME = AppIcon;
				CODE_SIGN_STYLE = Automatic;
				INFOPLIST_FILE = "youtube-demo-app/Info.plist";
				LD_RUNPATH_SEARCH_PATHS = (
					"$(inherited)",
					"@executable_path/Frameworks",
				);
				PRODUCT_BUNDLE_IDENTIFIER = "com.AdamLudwin.youtube-demo-app";
				PRODUCT_NAME = "$(TARGET_NAME)";
				SWIFT_VERSION = 5.0;
				TARGETED_DEVICE_FAMILY = "1,2";
			};
			name = Debug;
		};
		27491293247EE17F001AFEEE /* Release */ = {
			isa = XCBuildConfiguration;
			buildSettings = {
				ASSETCATALOG_COMPILER_APPICON_NAME = AppIcon;
				CODE_SIGN_STYLE = Automatic;
				INFOPLIST_FILE = "youtube-demo-app/Info.plist";
				LD_RUNPATH_SEARCH_PATHS = (
					"$(inherited)",
					"@executable_path/Frameworks",
				);
				PRODUCT_BUNDLE_IDENTIFIER = "com.AdamLudwin.youtube-demo-app";
				PRODUCT_NAME = "$(TARGET_NAME)";
				SWIFT_VERSION = 5.0;
				TARGETED_DEVICE_FAMILY = "1,2";
			};
			name = Release;
		};
/* End XCBuildConfiguration section */

/* Begin XCConfigurationList section */
		27491278247EE17D001AFEEE /* Build configuration list for PBXProject "youtube-demo-app" */ = {
			isa = XCConfigurationList;
			buildConfigurations = (
				2749128F247EE17F001AFEEE /* Debug */,
				27491290247EE17F001AFEEE /* Release */,
			);
			defaultConfigurationIsVisible = 0;
			defaultConfigurationName = Release;
		};
		27491291247EE17F001AFEEE /* Build configuration list for PBXNativeTarget "youtube-demo-app" */ = {
			isa = XCConfigurationList;
			buildConfigurations = (
				27491292247EE17F001AFEEE /* Debug */,
				27491293247EE17F001AFEEE /* Release */,
			);
			defaultConfigurationIsVisible = 0;
			defaultConfigurationName = Release;
		};
/* End XCConfigurationList section */
	};
	rootObject = 27491275247EE17D001AFEEE /* Project object */;
}
